
Microsoft Visual Studio Solution File, Format Version 12.00
# Visual Studio Version 17
VisualStudioVersion = 17.5.002.0
MinimumVisualStudioVersion = 10.0.40219.1
Project("{9A19103F-16F7-4668-BE54-9A1E7A4F7556}") = "Shopopolis", "Shopopolis.csproj", "{F88C4175-44BB-41FD-B1A5-222480318F8F}"
EndProject
Global
	GlobalSection(SolutionConfigurationPlatforms) = preSolution
		Debug|Any CPU = Debug|Any CPU
		Release|Any CPU = Release|Any CPU
	EndGlobalSection
	GlobalSection(ProjectConfigurationPlatforms) = postSolution
		{F88C4175-44BB-41FD-B1A5-222480318F8F}.Debug|Any CPU.ActiveCfg = Debug|Any CPU
		{F88C4175-44BB-41FD-B1A5-222480318F8F}.Debug|Any CPU.Build.0 = Debug|Any CPU
		{F88C4175-44BB-41FD-B1A5-222480318F8F}.Release|Any CPU.ActiveCfg = Release|Any CPU
		{F88C4175-44BB-41FD-B1A5-222480318F8F}.Release|Any CPU.Build.0 = Release|Any CPU
	EndGlobalSection
	GlobalSection(SolutionProperties) = preSolution
		HideSolutionNode = FALSE
	EndGlobalSection
	GlobalSection(ExtensibilityGlobals) = postSolution
		SolutionGuid = {7F1F0026-C97B-4000-B216-634B4B71B4C3}
	EndGlobalSection
EndGlobal
